// !$*UTF8*$!
{
	archiveVersion = 1;
	classes = {
	};
	objectVersion = 46;
	objects = {

/* Begin PBXBuildFile section */
		3F6198141CB4F969009339F4 /* AppDelegate.swift in Sources */ = {isa = PBXBuildFile; fileRef = 3F6198131CB4F969009339F4 /* AppDelegate.swift */; };
		3F6198191CB4F969009339F4 /* Main.storyboard in Resources */ = {isa = PBXBuildFile; fileRef = 3F6198171CB4F969009339F4 /* Main.storyboard */; };
		3F61981B1CB4F969009339F4 /* Assets.xcassets in Resources */ = {isa = PBXBuildFile; fileRef = 3F61981A1CB4F969009339F4 /* Assets.xcassets */; };
		3F61981E1CB4F969009339F4 /* LaunchScreen.storyboard in Resources */ = {isa = PBXBuildFile; fileRef = 3F61981C1CB4F969009339F4 /* LaunchScreen.storyboard */; };
		3F6198261CB4FB93009339F4 /* TableViewController.swift in Sources */ = {isa = PBXBuildFile; fileRef = 3F6198251CB4FB93009339F4 /* TableViewController.swift */; };
		3F6198281CB4FBFE009339F4 /* DetailViewController.swift in Sources */ = {isa = PBXBuildFile; fileRef = 3F6198271CB4FBFE009339F4 /* DetailViewController.swift */; };
		3F61982A1CB4FC6D009339F4 /* Pirate.swift in Sources */ = {isa = PBXBuildFile; fileRef = 3F6198291CB4FC6D009339F4 /* Pirate.swift */; };
/* End PBXBuildFile section */

/* Begin PBXFileReference section */
		3F6198101CB4F969009339F4 /* json_test.app */ = {isa = PBXFileReference; explicitFileType = wrapper.application; includeInIndex = 0; path = json_test.app; sourceTree = BUILT_PRODUCTS_DIR; };
		3F6198131CB4F969009339F4 /* AppDelegate.swift */ = {isa = PBXFileReference; lastKnownFileType = sourcecode.swift; path = AppDelegate.swift; sourceTree = "<group>"; };
		3F6198181CB4F969009339F4 /* Base */ = {isa = PBXFileReference; lastKnownFileType = file.storyboard; name = Base; path = Base.lproj/Main.storyboard; sourceTree = "<group>"; };
		3F61981A1CB4F969009339F4 /* Assets.xcassets */ = {isa = PBXFileReference; lastKnownFileType = folder.assetcatalog; path = Assets.xcassets; sourceTree = "<group>"; };
		3F61981D1CB4F969009339F4 /* Base */ = {isa = PBXFileReference; lastKnownFileType = file.storyboard; name = Base; path = Base.lproj/LaunchScreen.storyboard; sourceTree = "<group>"; };
		3F61981F1CB4F969009339F4 /* Info.plist */ = {isa = PBXFileReference; lastKnownFileType = text.plist.xml; path = Info.plist; sourceTree = "<group>"; };
		3F6198251CB4FB93009339F4 /* TableViewController.swift */ = {isa = PBXFileReference; fileEncoding = 4; lastKnownFileType = sourcecode.swift; path = TableViewController.swift; sourceTree = "<group>"; };
		3F6198271CB4FBFE009339F4 /* DetailViewController.swift */ = {isa = PBXFileReference; fileEncoding = 4; lastKnownFileType = sourcecode.swift; path = DetailViewController.swift; sourceTree = "<group>"; };
		3F6198291CB4FC6D009339F4 /* Pirate.swift */ = {isa = PBXFileReference; fileEncoding = 4; lastKnownFileType = sourcecode.swift; path = Pirate.swift; sourceTree = "<group>"; };
/* End PBXFileReference section */

/* Begin PBXFrameworksBuildPhase section */
		3F61980D1CB4F968009339F4 /* Frameworks */ = {
			isa = PBXFrameworksBuildPhase;
			buildActionMask = 2147483647;
			files = (
			);
			runOnlyForDeploymentPostprocessing = 0;
		};
/* End PBXFrameworksBuildPhase section */

/* Begin PBXGroup section */
		3F6198071CB4F968009339F4 = {
			isa = PBXGroup;
			children = (
				3F6198121CB4F969009339F4 /* json_test */,
				3F6198111CB4F969009339F4 /* Products */,
			);
			sourceTree = "<group>";
		};
		3F6198111CB4F969009339F4 /* Products */ = {
			isa = PBXGroup;
			children = (
				3F6198101CB4F969009339F4 /* json_test.app */,
			);
			name = Products;
			sourceTree = "<group>";
		};
		3F6198121CB4F969009339F4 /* json_test */ = {
			isa = PBXGroup;
			children = (
				3F6198131CB4F969009339F4 /* AppDelegate.swift */,
				3F6198171CB4F969009339F4 /* Main.storyboard */,
				3F6198251CB4FB93009339F4 /* TableViewController.swift */,
				3F61981A1CB4F969009339F4 /* Assets.xcassets */,
				3F61981C1CB4F969009339F4 /* LaunchScreen.storyboard */,
				3F61981F1CB4F969009339F4 /* Info.plist */,
				3F6198271CB4FBFE009339F4 /* DetailViewController.swift */,
				3F6198291CB4FC6D009339F4 /* Pirate.swift */,
			);
			path = json_test;
			sourceTree = "<group>";
		};
/* End PBXGroup section */

/* Begin PBXNativeTarget section */
		3F61980F1CB4F968009339F4 /* json_test */ = {
			isa = PBXNativeTarget;
			buildConfigurationList = 3F6198221CB4F969009339F4 /* Build configuration list for PBXNativeTarget "json_test" */;
			buildPhases = (
				3F61980C1CB4F968009339F4 /* Sources */,
				3F61980D1CB4F968009339F4 /* Frameworks */,
				3F61980E1CB4F968009339F4 /* Resources */,
			);
			buildRules = (
			);
			dependencies = (
			);
			name = json_test;
			productName = json_test;
			productReference = 3F6198101CB4F969009339F4 /* json_test.app */;
			productType = "com.apple.product-type.application";
		};
/* End PBXNativeTarget section */

/* Begin PBXProject section */
		3F6198081CB4F968009339F4 /* Project object */ = {
			isa = PBXProject;
			attributes = {
				LastSwiftUpdateCheck = 0720;
				LastUpgradeCheck = 0720;
				ORGANIZATIONNAME = "Fontys Universities";
				TargetAttributes = {
					3F61980F1CB4F968009339F4 = {
						CreatedOnToolsVersion = 7.2;
					};
				};
			};
			buildConfigurationList = 3F61980B1CB4F968009339F4 /* Build configuration list for PBXProject "json_test" */;
			compatibilityVersion = "Xcode 3.2";
			developmentRegion = English;
			hasScannedForEncodings = 0;
			knownRegions = (
				en,
				Base,
			);
			mainGroup = 3F6198071CB4F968009339F4;
			productRefGroup = 3F6198111CB4F969009339F4 /* Products */;
			projectDirPath = "";
			projectRoot = "";
			targets = (
				3F61980F1CB4F968009339F4 /* json_test */,
			);
		};
/* End PBXProject section */

/* Begin PBXResourcesBuildPhase section */
		3F61980E1CB4F968009339F4 /* Resources */ = {
			isa = PBXResourcesBuildPhase;
			buildActionMask = 2147483647;
			files = (
				3F61981E1CB4F969009339F4 /* LaunchScreen.storyboard in Resources */,
				3F61981B1CB4F969009339F4 /* Assets.xcassets in Resources */,
				3F6198191CB4F969009339F4 /* Main.storyboard in Resources */,
			);
			runOnlyForDeploymentPostprocessing = 0;
		};
/* End PBXResourcesBuildPhase section */

/* Begin PBXSourcesBuildPhase section */
		3F61980C1CB4F968009339F4 /* Sources */ = {
			isa = PBXSourcesBuildPhase;
			buildActionMask = 2147483647;
			files = (
				3F61982A1CB4FC6D009339F4 /* Pirate.swift in Sources */,
				3F6198281CB4FBFE009339F4 /* DetailViewController.swift in Sources */,
				3F6198141CB4F969009339F4 /* AppDelegate.swift in Sources */,
				3F6198261CB4FB93009339F4 /* TableViewController.swift in Sources */,
			);
			runOnlyForDeploymentPostprocessing = 0;
		};
/* End PBXSourcesBuildPhase section */

/* Begin PBXVariantGroup section */
		3F6198171CB4F969009339F4 /* Main.storyboard */ = {
			isa = PBXVariantGroup;
			children = (
				3F6198181CB4F969009339F4 /* Base */,
			);
			name = Main.storyboard;
			sourceTree = "<group>";
		};
		3F61981C1CB4F969009339F4 /* LaunchScreen.storyboard */ = {
			isa = PBXVariantGroup;
			children = (
				3F61981D1CB4F969009339F4 /* Base */,
			);
			name = LaunchScreen.storyboard;
			sourceTree = "<group>";
		};
/* End PBXVariantGroup section */

/* Begin XCBuildConfiguration section */
		3F6198201CB4F969009339F4 /* Debug */ = {
			isa = XCBuildConfiguration;
			buildSettings = {
				ALWAYS_SEARCH_USER_PATHS = NO;
				CLANG_CXX_LANGUAGE_STANDARD = "gnu++0x";
				CLANG_CXX_LIBRARY = "libc++";
				CLANG_ENABLE_MODULES = YES;
				CLANG_ENABLE_OBJC_ARC = YES;
				CLANG_WARN_BOOL_CONVERSION = YES;
				CLANG_WARN_CONSTANT_CONVERSION = YES;
				CLANG_WARN_DIRECT_OBJC_ISA_USAGE = YES_ERROR;
				CLANG_WARN_EMPTY_BODY = YES;
				CLANG_WARN_ENUM_CONVERSION = YES;
				CLANG_WARN_INT_CONVERSION = YES;
				CLANG_WARN_OBJC_ROOT_CLASS = YES_ERROR;
				CLANG_WARN_UNREACHABLE_CODE = YES;
				CLANG_WARN__DUPLICATE_METHOD_MATCH = YES;
				"CODE_SIGN_IDENTITY[sdk=iphoneos*]" = "iPhone Developer";
				COPY_PHASE_STRIP = NO;
				DEBUG_INFORMATION_FORMAT = dwarf;
				ENABLE_STRICT_OBJC_MSGSEND = YES;
				ENABLE_TESTABILITY = YES;
				GCC_C_LANGUAGE_STANDARD = gnu99;
				GCC_DYNAMIC_NO_PIC = NO;
				GCC_NO_COMMON_BLOCKS = YES;
				GCC_OPTIMIZATION_LEVEL = 0;
				GCC_PREPROCESSOR_DEFINITIONS = (
					"DEBUG=1",
					"$(inherited)",
				);
				GCC_WARN_64_TO_32_BIT_CONVERSION = YES;
				GCC_WARN_ABOUT_RETURN_TYPE = YES_ERROR;
				GCC_WARN_UNDECLARED_SELECTOR = YES;
				GCC_WARN_UNINITIALIZED_AUTOS = YES_AGGRESSIVE;
				GCC_WARN_UNUSED_FUNCTION = YES;
				GCC_WARN_UNUSED_VARIABLE = YES;
				IPHONEOS_DEPLOYMENT_TARGET = 9.2;
				MTL_ENABLE_DEBUG_INFO = YES;
				ONLY_ACTIVE_ARCH = YES;
				SDKROOT = iphoneos;
				SWIFT_OPTIMIZATION_LEVEL = "-Onone";
				TARGETED_DEVICE_FAMILY = 2;
			};
			name = Debug;
		};
		3F6198211CB4F969009339F4 /* Release */ = {
			isa = XCBuildConfiguration;
			buildSettings = {
				ALWAYS_SEARCH_USER_PATHS = NO;
				CLANG_CXX_LANGUAGE_STANDARD = "gnu++0x";
				CLANG_CXX_LIBRARY = "libc++";
				CLANG_ENABLE_MODULES = YES;
				CLANG_ENABLE_OBJC_ARC = YES;
				CLANG_WARN_BOOL_CONVERSION = YES;
				CLANG_WARN_CONSTANT_CONVERSION = YES;
				CLANG_WARN_DIRECT_OBJC_ISA_USAGE = YES_ERROR;
				CLANG_WARN_EMPTY_BODY = YES;
				CLANG_WARN_ENUM_CONVERSION = YES;
				CLANG_WARN_INT_CONVERSION = YES;
				CLANG_WARN_OBJC_ROOT_CLASS = YES_ERROR;
				CLANG_WARN_UNREACHABLE_CODE = YES;
				CLANG_WARN__DUPLICATE_METHOD_MATCH = YES;
				"CODE_SIGN_IDENTITY[sdk=iphoneos*]" = "iPhone Developer";
				COPY_PHASE_STRIP = NO;
				DEBUG_INFORMATION_FORMAT = "dwarf-with-dsym";
				ENABLE_NS_ASSERTIONS = NO;
				ENABLE_STRICT_OBJC_MSGSEND = YES;
				GCC_C_LANGUAGE_STANDARD = gnu99;
				GCC_NO_COMMON_BLOCKS = YES;
				GCC_WARN_64_TO_32_BIT_CONVERSION = YES;
				GCC_WARN_ABOUT_RETURN_TYPE = YES_ERROR;
				GCC_WARN_UNDECLARED_SELECTOR = YES;
				GCC_WARN_UNINITIALIZED_AUTOS = YES_AGGRESSIVE;
				GCC_WARN_UNUSED_FUNCTION = YES;
				GCC_WARN_UNUSED_VARIABLE = YES;
				IPHONEOS_DEPLOYMENT_TARGET = 9.2;
				MTL_ENABLE_DEBUG_INFO = NO;
				SDKROOT = iphoneos;
				TARGETED_DEVICE_FAMILY = 2;
				VALIDATE_PRODUCT = YES;
			};
			name = Release;
		};
		3F6198231CB4F969009339F4 /* Debug */ = {
			isa = XCBuildConfiguration;
			buildSettings = {
				ASSETCATALOG_COMPILER_APPICON_NAME = AppIcon;
				INFOPLIST_FILE = json_test/Info.plist;
				LD_RUNPATH_SEARCH_PATHS = "$(inherited) @executable_path/Frameworks";
				PRODUCT_BUNDLE_IDENTIFIER = "fhict.json-test";
				PRODUCT_NAME = "$(TARGET_NAME)";
			};
			name = Debug;
		};
		3F6198241CB4F969009339F4 /* Release */ = {
			isa = XCBuildConfiguration;
			buildSettings = {
				ASSETCATALOG_COMPILER_APPICON_NAME = AppIcon;
				INFOPLIST_FILE = json_test/Info.plist;
				LD_RUNPATH_SEARCH_PATHS = "$(inherited) @executable_path/Frameworks";
				PRODUCT_BUNDLE_IDENTIFIER = "fhict.json-test";
				PRODUCT_NAME = "$(TARGET_NAME)";
			};
			name = Release;
		};
/* End XCBuildConfiguration section */

/* Begin XCConfigurationList section */
		3F61980B1CB4F968009339F4 /* Build configuration list for PBXProject "json_test" */ = {
			isa = XCConfigurationList;
			buildConfigurations = (
				3F6198201CB4F969009339F4 /* Debug */,
				3F6198211CB4F969009339F4 /* Release */,
			);
			defaultConfigurationIsVisible = 0;
			defaultConfigurationName = Release;
		};
		3F6198221CB4F969009339F4 /* Build configuration list for PBXNativeTarget "json_test" */ = {
			isa = XCConfigurationList;
			buildConfigurations = (
				3F6198231CB4F969009339F4 /* Debug */,
				3F6198241CB4F969009339F4 /* Release */,
			);
			defaultConfigurationIsVisible = 0;
		};
/* End XCConfigurationList section */
	};
	rootObject = 3F6198081CB4F968009339F4 /* Project object */;
}
